{
    "_readme": [
        "This file locks the dependencies of your project to a known state",
        "Read more about it at http://getcomposer.org/doc/01-basic-usage.md#composer-lock-the-lock-file"
    ],
    "hash": "f322ec59cdee5a0fc70b2e8c3cdf603f",
    "packages": [
        {
            "name": "aura/installer-default",
            "version": "dev-master",
            "source": {
                "type": "git",
                "url": "https://github.com/auraphp/installer-default.git",
                "reference": "52f8de3670cc1ef45a916f40f732937436d028c8"
            },
            "dist": {
                "type": "zip",
                "url": "https://api.github.com/repos/auraphp/installer-default/zipball/52f8de3670cc1ef45a916f40f732937436d028c8",
                "reference": "52f8de3670cc1ef45a916f40f732937436d028c8",
                "shasum": ""
            },
            "type": "composer-installer",
            "extra": {
                "class": "Aura\\Composer\\DefaultInstaller"
            },
            "autoload": {
                "psr-0": {
                    "Aura\\Composer\\": "src/"
                }
            },
            "notification-url": "https://packagist.org/downloads/",
            "license": [
                "BSD-2-Clause"
            ],
            "authors": [
                {
                    "name": "Paul M. Jones",
                    "email": "pmjones88@gmail.com",
                    "homepage": "http://paul-m-jones.com"
                }
            ],
            "description": "Installs Aura packages using the Composer defaults.",
            "keywords": [
                "aura",
                "installer"
            ],
            "time": "2012-11-26 21:35:57"
        },
        {
            "name": "aura/sql",
            "version": "1.3.0",
            "source": {
                "type": "git",
                "url": "https://github.com/auraphp/Aura.Sql.git",
                "reference": "bc9121b6c7cb519ad05b8343711cc134b47ebe95"
            },
            "dist": {
                "type": "zip",
                "url": "https://api.github.com/repos/auraphp/Aura.Sql/zipball/bc9121b6c7cb519ad05b8343711cc134b47ebe95",
                "reference": "bc9121b6c7cb519ad05b8343711cc134b47ebe95",
                "shasum": ""
            },
            "require": {
                "aura/installer-default": ">=1.0.0",
                "php": ">=5.4.0"
            },
            "type": "aura-package",
            "autoload": {
                "psr-0": {
                    "Aura\\Sql": "src/"
                }
            },
            "notification-url": "https://packagist.org/downloads/",
            "license": [
                "BSD-2-Clause"
            ],
            "authors": [
                {
                    "name": "Paul M. Jones",
                    "email": "pmjones88@gmail.com",
                    "homepage": "http://paul-m-jones.com"
                },
                {
                    "name": "Hari K T",
                    "email": "kthari85@gmail.com",
                    "homepage": "http://harikt.com"
                },
                {
                    "name": "Aura.Sql Contributors",
                    "homepage": "https://github.com/auraphp/Aura.Sql/contributors"
                },
                {
                    "name": "Roy Gu",
                    "email": "cnwggu@gmail.com"
                },
                {
                    "name": "MAXakaWIZARD",
                    "email": "maxakawizard@gmail.com"
                },
                {
                    "name": "Pascal Borrelli",
                    "email": "pascal@borreli.com"
                },
                {
                    "name": "Ramiro Varandas Jr",
                    "email": "ramirovjnr@gmail.com"
                },
                {
                    "name": "Abdul.Mohsen B. A. A",
                    "email": "admin@arabcoders.org",
                    "homepage": "http://arabcoders.org"
                },
                {
                    "name": "nyamsprod",
                    "email": "nyamsprod@gmail.com",
                    "role": "Developer"
                }
            ],
            "description": "The Aura Sql package is a wrapper around PDO that provides connection adapters and convenience methods for MySQL, PostgreSQL, SQLite, and SQL Server.",
            "homepage": "http://auraphp.com/Aura.Sql",
            "keywords": [
                "mysql",
                "pdo",
                "pgsql",
                "postgres",
                "postgresql",
                "sql server",
                "sqlite"
            ],
            "time": "2013-09-17 00:00:00"
        }
    ],
    "packages-dev": [

    ],
    "aliases": [

    ],
    "minimum-stability": "dev",
    "stability-flags": [

    ],
    "platform": [

    ],
    "platform-dev": [

    ]
}
